
Microsoft Visual Studio Solution File, Format Version 12.00
# Visual Studio 14
VisualStudioVersion = 14.0.23107.0
MinimumVisualStudioVersion = 10.0.40219.1
Project("{FAE04EC0-301F-11D3-BF4B-00C04F79EFBC}") = "Keskus.DAL", "Keskus.DAL\Keskus.DAL.csproj", "{C26E8806-6124-43B9-A969-D843993F9DA0}"
EndProject
Project("{FAE04EC0-301F-11D3-BF4B-00C04F79EFBC}") = "TestRakendus", "TestRakendus\TestRakendus.csproj", "{B110B2DF-DEDA-4174-9660-031C9FDFCFD5}"
EndProject
Project("{FAE04EC0-301F-11D3-BF4B-00C04F79EFBC}") = "Keskus.BLL", "Keskus.BLL\Keskus.BLL.csproj", "{75E85D42-921B-4A50-92CD-9CF7EE0BD2A5}"
EndProject
Project("{00D1A9C2-B5F0-4AF3-8072-F6C62B433612}") = "Database", "Database\Database.sqlproj", "{623104E4-E766-4C9B-BC10-36C93983423B}"
EndProject
Project("{FAE04EC0-301F-11D3-BF4B-00C04F79EFBC}") = "Keskus", "Keskus\Keskus.csproj", "{685AA726-61EE-45E4-B4F2-1F56BB1EC8B2}"
EndProject
Global
	GlobalSection(SolutionConfigurationPlatforms) = preSolution
		Debug|Any CPU = Debug|Any CPU
		Release|Any CPU = Release|Any CPU
	EndGlobalSection
	GlobalSection(ProjectConfigurationPlatforms) = postSolution
		{C26E8806-6124-43B9-A969-D843993F9DA0}.Debug|Any CPU.ActiveCfg = Debug|Any CPU
		{C26E8806-6124-43B9-A969-D843993F9DA0}.Debug|Any CPU.Build.0 = Debug|Any CPU
		{C26E8806-6124-43B9-A969-D843993F9DA0}.Release|Any CPU.ActiveCfg = Release|Any CPU
		{C26E8806-6124-43B9-A969-D843993F9DA0}.Release|Any CPU.Build.0 = Release|Any CPU
		{B110B2DF-DEDA-4174-9660-031C9FDFCFD5}.Debug|Any CPU.ActiveCfg = Debug|Any CPU
		{B110B2DF-DEDA-4174-9660-031C9FDFCFD5}.Debug|Any CPU.Build.0 = Debug|Any CPU
		{B110B2DF-DEDA-4174-9660-031C9FDFCFD5}.Release|Any CPU.ActiveCfg = Release|Any CPU
		{B110B2DF-DEDA-4174-9660-031C9FDFCFD5}.Release|Any CPU.Build.0 = Release|Any CPU
		{75E85D42-921B-4A50-92CD-9CF7EE0BD2A5}.Debug|Any CPU.ActiveCfg = Debug|Any CPU
		{75E85D42-921B-4A50-92CD-9CF7EE0BD2A5}.Debug|Any CPU.Build.0 = Debug|Any CPU
		{75E85D42-921B-4A50-92CD-9CF7EE0BD2A5}.Release|Any CPU.ActiveCfg = Release|Any CPU
		{75E85D42-921B-4A50-92CD-9CF7EE0BD2A5}.Release|Any CPU.Build.0 = Release|Any CPU
		{623104E4-E766-4C9B-BC10-36C93983423B}.Debug|Any CPU.ActiveCfg = Debug|Any CPU
		{623104E4-E766-4C9B-BC10-36C93983423B}.Debug|Any CPU.Build.0 = Debug|Any CPU
		{623104E4-E766-4C9B-BC10-36C93983423B}.Debug|Any CPU.Deploy.0 = Debug|Any CPU
		{623104E4-E766-4C9B-BC10-36C93983423B}.Release|Any CPU.ActiveCfg = Release|Any CPU
		{623104E4-E766-4C9B-BC10-36C93983423B}.Release|Any CPU.Build.0 = Release|Any CPU
		{623104E4-E766-4C9B-BC10-36C93983423B}.Release|Any CPU.Deploy.0 = Release|Any CPU
		{685AA726-61EE-45E4-B4F2-1F56BB1EC8B2}.Debug|Any CPU.ActiveCfg = Debug|Any CPU
		{685AA726-61EE-45E4-B4F2-1F56BB1EC8B2}.Debug|Any CPU.Build.0 = Debug|Any CPU
		{685AA726-61EE-45E4-B4F2-1F56BB1EC8B2}.Release|Any CPU.ActiveCfg = Release|Any CPU
		{685AA726-61EE-45E4-B4F2-1F56BB1EC8B2}.Release|Any CPU.Build.0 = Release|Any CPU
	EndGlobalSection
	GlobalSection(SolutionProperties) = preSolution
		HideSolutionNode = FALSE
	EndGlobalSection
	GlobalSection(TeamFoundationVersionControl) = preSolution
		SccNumberOfProjects = 6
		SccEnterpriseProvider = {4CA58AB2-18FA-4F8D-95D4-32DDF27D184C}
		SccTeamFoundationServer = https://nirpulik.visualstudio.com/defaultcollection
		SccLocalPath0 = .
		SccProjectUniqueName1 = Keskus.DAL\\Keskus.DAL.csproj
		SccProjectName1 = Keskus.DAL
		SccLocalPath1 = Keskus.DAL
		SccProjectUniqueName2 = TestRakendus\\TestRakendus.csproj
		SccProjectName2 = TestRakendus
		SccLocalPath2 = TestRakendus
		SccProjectUniqueName3 = Keskus.BLL\\Keskus.BLL.csproj
		SccProjectName3 = Keskus.BLL
		SccLocalPath3 = Keskus.BLL
		SccProjectUniqueName4 = Database\\Database.sqlproj
		SccProjectName4 = Database
		SccLocalPath4 = Database
		SccProjectUniqueName5 = Keskus\\Keskus.csproj
		SccProjectName5 = Keskus
		SccLocalPath5 = Keskus
	EndGlobalSection
EndGlobal
